
Microsoft Visual Studio Solution File, Format Version 12.00
# Visual Studio Version 17
VisualStudioVersion = 17.14.36301.6
MinimumVisualStudioVersion = 10.0.40219.1
Project("{FAE04EC0-301F-11D3-BF4B-00C04F79EFBC}") = "DarkoDemo", "DarkoDemo\DarkoDemo\DarkoDemo.csproj", "{095969C0-569B-4B61-8492-A2646F69004C}"
EndProject
Project("{FAE04EC0-301F-11D3-BF4B-00C04F79EFBC}") = "DarkoDemo.Shared", "DarkoDemo\DarkoDemo.Shared\DarkoDemo.Shared.csproj", "{59D39BC1-41F5-4296-BF12-7A0281C461D3}"
EndProject
Project("{FAE04EC0-301F-11D3-BF4B-00C04F79EFBC}") = "DarkoDemo.Web", "DarkoDemo\DarkoDemo.Web\DarkoDemo.Web.csproj", "{70AA9F2B-F1D7-4746-A8E6-30A5C5950264}"
EndProject
Project("{FAE04EC0-301F-11D3-BF4B-00C04F79EFBC}") = "DarkoDemo.Web.Client", "DarkoDemo\DarkoDemo.Web.Client\DarkoDemo.Web.Client.csproj", "{EEC8A438-4EA2-46DC-855C-FBB4F3F5CB2D}"
EndProject
Project("{FAE04EC0-301F-11D3-BF4B-00C04F79EFBC}") = "DarkoDemo.AppHost", "DarkoDemo.AppHost\DarkoDemo.AppHost.csproj", "{1937164F-C0E6-4121-B2D6-662D0892565B}"
EndProject
Project("{FAE04EC0-301F-11D3-BF4B-00C04F79EFBC}") = "DarkoDemo.ServiceDefaults", "DarkoDemo.ServiceDefaults\DarkoDemo.ServiceDefaults.csproj", "{FD2AE48B-C1EA-1AD8-6132-38B87A8DB353}"
EndProject
Project("{FAE04EC0-301F-11D3-BF4B-00C04F79EFBC}") = "DarkoDemo.Api", "DarkoDemo.Api\DarkoDemo.Api.csproj", "{94EC42DF-674D-2A59-002D-45124888AECD}"
EndProject
Project("{2150E333-8FDC-42A3-9474-1A3956D46DE8}") = "Frontend", "Frontend", "{02EA681E-C7D8-13C7-8484-4AC65E1B71E8}"
EndProject
Project("{2150E333-8FDC-42A3-9474-1A3956D46DE8}") = "Backend", "Backend", "{122D616A-B0DD-4CED-BA7D-55E2D7726EBF}"
EndProject
Project("{2150E333-8FDC-42A3-9474-1A3956D46DE8}") = "Shared", "Shared", "{40C2626E-3047-4927-A1C9-A2B4E4E12390}"
EndProject
Project("{2150E333-8FDC-42A3-9474-1A3956D46DE8}") = "Core", "Core", "{FF59B018-BD54-4F85-8517-9C29BA8F4DF0}"
EndProject
Project("{FAE04EC0-301F-11D3-BF4B-00C04F79EFBC}") = "DarkoDemo.Data", "DarkoDemo.Data\DarkoDemo.Data.csproj", "{24BD8852-1E28-44B1-93B3-0F0775241114}"
EndProject
Project("{FAE04EC0-301F-11D3-BF4B-00C04F79EFBC}") = "DarkoDemo.Models", "DarkoDemo.Models\DarkoDemo.Models.csproj", "{4FF08661-9E2A-495A-8957-466CD003F95F}"
EndProject
Project("{FAE04EC0-301F-11D3-BF4B-00C04F79EFBC}") = "DarkoDemo.DataServices", "DarkoDemo.DataServices\DarkoDemo.DataServices.csproj", "{C447955E-365E-4835-89C2-C72679E9AE5A}"
EndProject
Project("{FAE04EC0-301F-11D3-BF4B-00C04F79EFBC}") = "DarkoDemo.Services", "DarkoDemo.Services\DarkoDemo.Services.csproj", "{158C2DAE-3FEC-4B6A-B8D1-E7843071E63B}"
EndProject
Project("{2150E333-8FDC-42A3-9474-1A3956D46DE8}") = "Tests", "Tests", "{E54238D4-042B-4E26-A8CF-C298FE991DA3}"
EndProject
Project("{FAE04EC0-301F-11D3-BF4B-00C04F79EFBC}") = "DarkoDemo.DataServices.Tests", "DarkoDemo.DataServices.Tests\DarkoDemo.DataServices.Tests.csproj", "{1D0D3765-BACC-454D-86D4-7314EE03CB0C}"
EndProject
Project("{FAE04EC0-301F-11D3-BF4B-00C04F79EFBC}") = "DarkoDemo.CatalogApi", "DarkoDemo.CatalogApi\DarkoDemo.CatalogApi.csproj", "{2F3C6558-1799-2718-EF02-9BA9BC8A3673}"
EndProject
Global
	GlobalSection(SolutionConfigurationPlatforms) = preSolution
		Debug|Any CPU = Debug|Any CPU
		Release|Any CPU = Release|Any CPU
	EndGlobalSection
	GlobalSection(ProjectConfigurationPlatforms) = postSolution
		{095969C0-569B-4B61-8492-A2646F69004C}.Debug|Any CPU.ActiveCfg = Debug|Any CPU
		{095969C0-569B-4B61-8492-A2646F69004C}.Debug|Any CPU.Build.0 = Debug|Any CPU
		{095969C0-569B-4B61-8492-A2646F69004C}.Debug|Any CPU.Deploy.0 = Debug|Any CPU
		{095969C0-569B-4B61-8492-A2646F69004C}.Release|Any CPU.ActiveCfg = Release|Any CPU
		{095969C0-569B-4B61-8492-A2646F69004C}.Release|Any CPU.Build.0 = Release|Any CPU
		{59D39BC1-41F5-4296-BF12-7A0281C461D3}.Debug|Any CPU.ActiveCfg = Debug|Any CPU
		{59D39BC1-41F5-4296-BF12-7A0281C461D3}.Debug|Any CPU.Build.0 = Debug|Any CPU
		{59D39BC1-41F5-4296-BF12-7A0281C461D3}.Release|Any CPU.ActiveCfg = Release|Any CPU
		{59D39BC1-41F5-4296-BF12-7A0281C461D3}.Release|Any CPU.Build.0 = Release|Any CPU
		{70AA9F2B-F1D7-4746-A8E6-30A5C5950264}.Debug|Any CPU.ActiveCfg = Debug|Any CPU
		{70AA9F2B-F1D7-4746-A8E6-30A5C5950264}.Debug|Any CPU.Build.0 = Debug|Any CPU
		{70AA9F2B-F1D7-4746-A8E6-30A5C5950264}.Release|Any CPU.ActiveCfg = Release|Any CPU
		{70AA9F2B-F1D7-4746-A8E6-30A5C5950264}.Release|Any CPU.Build.0 = Release|Any CPU
		{EEC8A438-4EA2-46DC-855C-FBB4F3F5CB2D}.Debug|Any CPU.ActiveCfg = Debug|Any CPU
		{EEC8A438-4EA2-46DC-855C-FBB4F3F5CB2D}.Debug|Any CPU.Build.0 = Debug|Any CPU
		{EEC8A438-4EA2-46DC-855C-FBB4F3F5CB2D}.Release|Any CPU.ActiveCfg = Release|Any CPU
		{EEC8A438-4EA2-46DC-855C-FBB4F3F5CB2D}.Release|Any CPU.Build.0 = Release|Any CPU
		{1937164F-C0E6-4121-B2D6-662D0892565B}.Debug|Any CPU.ActiveCfg = Debug|Any CPU
		{1937164F-C0E6-4121-B2D6-662D0892565B}.Debug|Any CPU.Build.0 = Debug|Any CPU
		{1937164F-C0E6-4121-B2D6-662D0892565B}.Release|Any CPU.ActiveCfg = Release|Any CPU
		{1937164F-C0E6-4121-B2D6-662D0892565B}.Release|Any CPU.Build.0 = Release|Any CPU
		{FD2AE48B-C1EA-1AD8-6132-38B87A8DB353}.Debug|Any CPU.ActiveCfg = Debug|Any CPU
		{FD2AE48B-C1EA-1AD8-6132-38B87A8DB353}.Debug|Any CPU.Build.0 = Debug|Any CPU
		{FD2AE48B-C1EA-1AD8-6132-38B87A8DB353}.Release|Any CPU.ActiveCfg = Release|Any CPU
		{FD2AE48B-C1EA-1AD8-6132-38B87A8DB353}.Release|Any CPU.Build.0 = Release|Any CPU
		{94EC42DF-674D-2A59-002D-45124888AECD}.Debug|Any CPU.ActiveCfg = Debug|Any CPU
		{94EC42DF-674D-2A59-002D-45124888AECD}.Debug|Any CPU.Build.0 = Debug|Any CPU
		{94EC42DF-674D-2A59-002D-45124888AECD}.Release|Any CPU.ActiveCfg = Release|Any CPU
		{94EC42DF-674D-2A59-002D-45124888AECD}.Release|Any CPU.Build.0 = Release|Any CPU
		{24BD8852-1E28-44B1-93B3-0F0775241114}.Debug|Any CPU.ActiveCfg = Debug|Any CPU
		{24BD8852-1E28-44B1-93B3-0F0775241114}.Debug|Any CPU.Build.0 = Debug|Any CPU
		{24BD8852-1E28-44B1-93B3-0F0775241114}.Release|Any CPU.ActiveCfg = Release|Any CPU
		{24BD8852-1E28-44B1-93B3-0F0775241114}.Release|Any CPU.Build.0 = Release|Any CPU
		{4FF08661-9E2A-495A-8957-466CD003F95F}.Debug|Any CPU.ActiveCfg = Debug|Any CPU
		{4FF08661-9E2A-495A-8957-466CD003F95F}.Debug|Any CPU.Build.0 = Debug|Any CPU
		{4FF08661-9E2A-495A-8957-466CD003F95F}.Release|Any CPU.ActiveCfg = Release|Any CPU
		{4FF08661-9E2A-495A-8957-466CD003F95F}.Release|Any CPU.Build.0 = Release|Any CPU
		{C447955E-365E-4835-89C2-C72679E9AE5A}.Debug|Any CPU.ActiveCfg = Debug|Any CPU
		{C447955E-365E-4835-89C2-C72679E9AE5A}.Debug|Any CPU.Build.0 = Debug|Any CPU
		{C447955E-365E-4835-89C2-C72679E9AE5A}.Release|Any CPU.ActiveCfg = Release|Any CPU
		{C447955E-365E-4835-89C2-C72679E9AE5A}.Release|Any CPU.Build.0 = Release|Any CPU
		{158C2DAE-3FEC-4B6A-B8D1-E7843071E63B}.Debug|Any CPU.ActiveCfg = Debug|Any CPU
		{158C2DAE-3FEC-4B6A-B8D1-E7843071E63B}.Debug|Any CPU.Build.0 = Debug|Any CPU
		{158C2DAE-3FEC-4B6A-B8D1-E7843071E63B}.Release|Any CPU.ActiveCfg = Release|Any CPU
		{158C2DAE-3FEC-4B6A-B8D1-E7843071E63B}.Release|Any CPU.Build.0 = Release|Any CPU
		{1D0D3765-BACC-454D-86D4-7314EE03CB0C}.Debug|Any CPU.ActiveCfg = Debug|Any CPU
		{1D0D3765-BACC-454D-86D4-7314EE03CB0C}.Debug|Any CPU.Build.0 = Debug|Any CPU
		{1D0D3765-BACC-454D-86D4-7314EE03CB0C}.Release|Any CPU.ActiveCfg = Release|Any CPU
		{1D0D3765-BACC-454D-86D4-7314EE03CB0C}.Release|Any CPU.Build.0 = Release|Any CPU
		{2F3C6558-1799-2718-EF02-9BA9BC8A3673}.Debug|Any CPU.ActiveCfg = Debug|Any CPU
		{2F3C6558-1799-2718-EF02-9BA9BC8A3673}.Debug|Any CPU.Build.0 = Debug|Any CPU
		{2F3C6558-1799-2718-EF02-9BA9BC8A3673}.Release|Any CPU.ActiveCfg = Release|Any CPU
		{2F3C6558-1799-2718-EF02-9BA9BC8A3673}.Release|Any CPU.Build.0 = Release|Any CPU
	EndGlobalSection
	GlobalSection(SolutionProperties) = preSolution
		HideSolutionNode = FALSE
	EndGlobalSection
	GlobalSection(NestedProjects) = preSolution
		{095969C0-569B-4B61-8492-A2646F69004C} = {02EA681E-C7D8-13C7-8484-4AC65E1B71E8}
		{59D39BC1-41F5-4296-BF12-7A0281C461D3} = {40C2626E-3047-4927-A1C9-A2B4E4E12390}
		{70AA9F2B-F1D7-4746-A8E6-30A5C5950264} = {122D616A-B0DD-4CED-BA7D-55E2D7726EBF}
		{EEC8A438-4EA2-46DC-855C-FBB4F3F5CB2D} = {02EA681E-C7D8-13C7-8484-4AC65E1B71E8}
		{FD2AE48B-C1EA-1AD8-6132-38B87A8DB353} = {40C2626E-3047-4927-A1C9-A2B4E4E12390}
		{94EC42DF-674D-2A59-002D-45124888AECD} = {122D616A-B0DD-4CED-BA7D-55E2D7726EBF}
		{24BD8852-1E28-44B1-93B3-0F0775241114} = {FF59B018-BD54-4F85-8517-9C29BA8F4DF0}
		{4FF08661-9E2A-495A-8957-466CD003F95F} = {FF59B018-BD54-4F85-8517-9C29BA8F4DF0}
		{C447955E-365E-4835-89C2-C72679E9AE5A} = {FF59B018-BD54-4F85-8517-9C29BA8F4DF0}
		{158C2DAE-3FEC-4B6A-B8D1-E7843071E63B} = {FF59B018-BD54-4F85-8517-9C29BA8F4DF0}
		{1D0D3765-BACC-454D-86D4-7314EE03CB0C} = {E54238D4-042B-4E26-A8CF-C298FE991DA3}
		{2F3C6558-1799-2718-EF02-9BA9BC8A3673} = {122D616A-B0DD-4CED-BA7D-55E2D7726EBF}
	EndGlobalSection
	GlobalSection(ExtensibilityGlobals) = postSolution
		SolutionGuid = {0FB935A2-2F16-4D57-8D66-CFE755A60727}
	EndGlobalSection
EndGlobal
